<Solution>
  <Folder Name="/src/">
    <Project Path="src/BookSpace.Api/BookSpace.Api.csproj" />
    <Project Path="src/BookSpace.Application/BookSpace.Application.csproj" />
    <Project Path="src/BookSpace.Domain/BookSpace.Domain.csproj" />
    <Project Path="src/BookSpace.Infrastructure/BookSpace.Infrastructure.csproj" />
  </Folder>
  <Folder Name="/tests/">
    <Project Path="tests/BookSpace.IntegrationTests/BookSpace.IntegrationTests.csproj" />
    <Project Path="tests/BookSpace.UnitTests/BookSpace.UnitTests.csproj" />
  </Folder>
</Solution>
